
Microsoft Visual Studio Solution File, Format Version 12.00
# Visual Studio 14
VisualStudioVersion = 14.0.23107.0
MinimumVisualStudioVersion = 10.0.40219.1
Project("{FAE04EC0-301F-11D3-BF4B-00C04F79EFBC}") = "EndeproPics.Droid", "EndeproPics\EndeproPics.Droid\EndeproPics.Droid.csproj", "{A8F62684-2171-4BFC-822B-8CE788589FCC}"
EndProject
Project("{FAE04EC0-301F-11D3-BF4B-00C04F79EFBC}") = "EndeproPics.iOS", "EndeproPics\EndeproPics.iOS\EndeproPics.iOS.csproj", "{5515C5F8-DCD5-4CD8-A079-2F6B2C64B750}"
EndProject
Project("{FAE04EC0-301F-11D3-BF4B-00C04F79EFBC}") = "EndeproPics.WinPhone", "EndeproPics\EndeproPics.WinPhone\EndeproPics.WinPhone.csproj", "{346BD4EE-1F24-474B-BF39-CC4F5F4712CE}"
EndProject
Project("{FAE04EC0-301F-11D3-BF4B-00C04F79EFBC}") = "EndeproPics.UWP", "EndeproPics\EndeproPics.UWP\EndeproPics.UWP.csproj", "{E6F35284-49C2-4B53-B571-E36F8D9638F6}"
EndProject
Project("{FAE04EC0-301F-11D3-BF4B-00C04F79EFBC}") = "EndeproPics.Windows", "EndeproPics\EndeproPics.Windows\EndeproPics.Windows.csproj", "{0D7D5817-ACF0-4E4A-B346-AA806C5EC8CF}"
EndProject
Project("{FAE04EC0-301F-11D3-BF4B-00C04F79EFBC}") = "EndeproPics", "EndeproPics\EndeproPics\EndeproPics.csproj", "{F8E22691-0856-4983-A0A1-61825BAE6F23}"
EndProject
Global
	GlobalSection(SolutionConfigurationPlatforms) = preSolution
		Ad-Hoc|Any CPU = Ad-Hoc|Any CPU
		Ad-Hoc|ARM = Ad-Hoc|ARM
		Ad-Hoc|iPhone = Ad-Hoc|iPhone
		Ad-Hoc|iPhoneSimulator = Ad-Hoc|iPhoneSimulator
		Ad-Hoc|x64 = Ad-Hoc|x64
		Ad-Hoc|x86 = Ad-Hoc|x86
		AppStore|Any CPU = AppStore|Any CPU
		AppStore|ARM = AppStore|ARM
		AppStore|iPhone = AppStore|iPhone
		AppStore|iPhoneSimulator = AppStore|iPhoneSimulator
		AppStore|x64 = AppStore|x64
		AppStore|x86 = AppStore|x86
		Debug|Any CPU = Debug|Any CPU
		Debug|ARM = Debug|ARM
		Debug|iPhone = Debug|iPhone
		Debug|iPhoneSimulator = Debug|iPhoneSimulator
		Debug|x64 = Debug|x64
		Debug|x86 = Debug|x86
		Release|Any CPU = Release|Any CPU
		Release|ARM = Release|ARM
		Release|iPhone = Release|iPhone
		Release|iPhoneSimulator = Release|iPhoneSimulator
		Release|x64 = Release|x64
		Release|x86 = Release|x86
	EndGlobalSection
	GlobalSection(ProjectConfigurationPlatforms) = postSolution
		{A8F62684-2171-4BFC-822B-8CE788589FCC}.Ad-Hoc|Any CPU.ActiveCfg = Release|Any CPU
		{A8F62684-2171-4BFC-822B-8CE788589FCC}.Ad-Hoc|Any CPU.Build.0 = Release|Any CPU
		{A8F62684-2171-4BFC-822B-8CE788589FCC}.Ad-Hoc|Any CPU.Deploy.0 = Release|Any CPU
		{A8F62684-2171-4BFC-822B-8CE788589FCC}.Ad-Hoc|ARM.ActiveCfg = Release|Any CPU
		{A8F62684-2171-4BFC-822B-8CE788589FCC}.Ad-Hoc|ARM.Build.0 = Release|Any CPU
		{A8F62684-2171-4BFC-822B-8CE788589FCC}.Ad-Hoc|ARM.Deploy.0 = Release|Any CPU
		{A8F62684-2171-4BFC-822B-8CE788589FCC}.Ad-Hoc|iPhone.ActiveCfg = Release|Any CPU
		{A8F62684-2171-4BFC-822B-8CE788589FCC}.Ad-Hoc|iPhone.Build.0 = Release|Any CPU
		{A8F62684-2171-4BFC-822B-8CE788589FCC}.Ad-Hoc|iPhone.Deploy.0 = Release|Any CPU
		{A8F62684-2171-4BFC-822B-8CE788589FCC}.Ad-Hoc|iPhoneSimulator.ActiveCfg = Release|Any CPU
		{A8F62684-2171-4BFC-822B-8CE788589FCC}.Ad-Hoc|iPhoneSimulator.Build.0 = Release|Any CPU
		{A8F62684-2171-4BFC-822B-8CE788589FCC}.Ad-Hoc|iPhoneSimulator.Deploy.0 = Release|Any CPU
		{A8F62684-2171-4BFC-822B-8CE788589FCC}.Ad-Hoc|x64.ActiveCfg = Release|Any CPU
		{A8F62684-2171-4BFC-822B-8CE788589FCC}.Ad-Hoc|x64.Build.0 = Release|Any CPU
		{A8F62684-2171-4BFC-822B-8CE788589FCC}.Ad-Hoc|x64.Deploy.0 = Release|Any CPU
		{A8F62684-2171-4BFC-822B-8CE788589FCC}.Ad-Hoc|x86.ActiveCfg = Release|Any CPU
		{A8F62684-2171-4BFC-822B-8CE788589FCC}.Ad-Hoc|x86.Build.0 = Release|Any CPU
		{A8F62684-2171-4BFC-822B-8CE788589FCC}.Ad-Hoc|x86.Deploy.0 = Release|Any CPU
		{A8F62684-2171-4BFC-822B-8CE788589FCC}.AppStore|Any CPU.ActiveCfg = Release|Any CPU
		{A8F62684-2171-4BFC-822B-8CE788589FCC}.AppStore|Any CPU.Build.0 = Release|Any CPU
		{A8F62684-2171-4BFC-822B-8CE788589FCC}.AppStore|Any CPU.Deploy.0 = Release|Any CPU
		{A8F62684-2171-4BFC-822B-8CE788589FCC}.AppStore|ARM.ActiveCfg = Release|Any CPU
		{A8F62684-2171-4BFC-822B-8CE788589FCC}.AppStore|ARM.Build.0 = Release|Any CPU
		{A8F62684-2171-4BFC-822B-8CE788589FCC}.AppStore|ARM.Deploy.0 = Release|Any CPU
		{A8F62684-2171-4BFC-822B-8CE788589FCC}.AppStore|iPhone.ActiveCfg = Release|Any CPU
		{A8F62684-2171-4BFC-822B-8CE788589FCC}.AppStore|iPhone.Build.0 = Release|Any CPU
		{A8F62684-2171-4BFC-822B-8CE788589FCC}.AppStore|iPhone.Deploy.0 = Release|Any CPU
		{A8F62684-2171-4BFC-822B-8CE788589FCC}.AppStore|iPhoneSimulator.ActiveCfg = Release|Any CPU
		{A8F62684-2171-4BFC-822B-8CE788589FCC}.AppStore|iPhoneSimulator.Build.0 = Release|Any CPU
		{A8F62684-2171-4BFC-822B-8CE788589FCC}.AppStore|iPhoneSimulator.Deploy.0 = Release|Any CPU
		{A8F62684-2171-4BFC-822B-8CE788589FCC}.AppStore|x64.ActiveCfg = Release|Any CPU
		{A8F62684-2171-4BFC-822B-8CE788589FCC}.AppStore|x64.Build.0 = Release|Any CPU
		{A8F62684-2171-4BFC-822B-8CE788589FCC}.AppStore|x64.Deploy.0 = Release|Any CPU
		{A8F62684-2171-4BFC-822B-8CE788589FCC}.AppStore|x86.ActiveCfg = Release|Any CPU
		{A8F62684-2171-4BFC-822B-8CE788589FCC}.AppStore|x86.Build.0 = Release|Any CPU
		{A8F62684-2171-4BFC-822B-8CE788589FCC}.AppStore|x86.Deploy.0 = Release|Any CPU
		{A8F62684-2171-4BFC-822B-8CE788589FCC}.Debug|Any CPU.ActiveCfg = Debug|Any CPU
		{A8F62684-2171-4BFC-822B-8CE788589FCC}.Debug|Any CPU.Build.0 = Debug|Any CPU
		{A8F62684-2171-4BFC-822B-8CE788589FCC}.Debug|Any CPU.Deploy.0 = Debug|Any CPU
		{A8F62684-2171-4BFC-822B-8CE788589FCC}.Debug|ARM.ActiveCfg = Debug|Any CPU
		{A8F62684-2171-4BFC-822B-8CE788589FCC}.Debug|ARM.Build.0 = Debug|Any CPU
		{A8F62684-2171-4BFC-822B-8CE788589FCC}.Debug|ARM.Deploy.0 = Debug|Any CPU
		{A8F62684-2171-4BFC-822B-8CE788589FCC}.Debug|iPhone.ActiveCfg = Debug|Any CPU
		{A8F62684-2171-4BFC-822B-8CE788589FCC}.Debug|iPhone.Build.0 = Debug|Any CPU
		{A8F62684-2171-4BFC-822B-8CE788589FCC}.Debug|iPhone.Deploy.0 = Debug|Any CPU
		{A8F62684-2171-4BFC-822B-8CE788589FCC}.Debug|iPhoneSimulator.ActiveCfg = Debug|Any CPU
		{A8F62684-2171-4BFC-822B-8CE788589FCC}.Debug|iPhoneSimulator.Build.0 = Debug|Any CPU
		{A8F62684-2171-4BFC-822B-8CE788589FCC}.Debug|iPhoneSimulator.Deploy.0 = Debug|Any CPU
		{A8F62684-2171-4BFC-822B-8CE788589FCC}.Debug|x64.ActiveCfg = Debug|Any CPU
		{A8F62684-2171-4BFC-822B-8CE788589FCC}.Debug|x64.Build.0 = Debug|Any CPU
		{A8F62684-2171-4BFC-822B-8CE788589FCC}.Debug|x64.Deploy.0 = Debug|Any CPU
		{A8F62684-2171-4BFC-822B-8CE788589FCC}.Debug|x86.ActiveCfg = Debug|Any CPU
		{A8F62684-2171-4BFC-822B-8CE788589FCC}.Debug|x86.Build.0 = Debug|Any CPU
		{A8F62684-2171-4BFC-822B-8CE788589FCC}.Debug|x86.Deploy.0 = Debug|Any CPU
		{A8F62684-2171-4BFC-822B-8CE788589FCC}.Release|Any CPU.ActiveCfg = Release|Any CPU
		{A8F62684-2171-4BFC-822B-8CE788589FCC}.Release|Any CPU.Build.0 = Release|Any CPU
		{A8F62684-2171-4BFC-822B-8CE788589FCC}.Release|Any CPU.Deploy.0 = Release|Any CPU
		{A8F62684-2171-4BFC-822B-8CE788589FCC}.Release|ARM.ActiveCfg = Release|Any CPU
		{A8F62684-2171-4BFC-822B-8CE788589FCC}.Release|ARM.Build.0 = Release|Any CPU
		{A8F62684-2171-4BFC-822B-8CE788589FCC}.Release|ARM.Deploy.0 = Release|Any CPU
		{A8F62684-2171-4BFC-822B-8CE788589FCC}.Release|iPhone.ActiveCfg = Release|Any CPU
		{A8F62684-2171-4BFC-822B-8CE788589FCC}.Release|iPhone.Build.0 = Release|Any CPU
		{A8F62684-2171-4BFC-822B-8CE788589FCC}.Release|iPhone.Deploy.0 = Release|Any CPU
		{A8F62684-2171-4BFC-822B-8CE788589FCC}.Release|iPhoneSimulator.ActiveCfg = Release|Any CPU
		{A8F62684-2171-4BFC-822B-8CE788589FCC}.Release|iPhoneSimulator.Build.0 = Release|Any CPU
		{A8F62684-2171-4BFC-822B-8CE788589FCC}.Release|iPhoneSimulator.Deploy.0 = Release|Any CPU
		{A8F62684-2171-4BFC-822B-8CE788589FCC}.Release|x64.ActiveCfg = Release|Any CPU
		{A8F62684-2171-4BFC-822B-8CE788589FCC}.Release|x64.Build.0 = Release|Any CPU
		{A8F62684-2171-4BFC-822B-8CE788589FCC}.Release|x64.Deploy.0 = Release|Any CPU
		{A8F62684-2171-4BFC-822B-8CE788589FCC}.Release|x86.ActiveCfg = Release|Any CPU
		{A8F62684-2171-4BFC-822B-8CE788589FCC}.Release|x86.Build.0 = Release|Any CPU
		{A8F62684-2171-4BFC-822B-8CE788589FCC}.Release|x86.Deploy.0 = Release|Any CPU
		{5515C5F8-DCD5-4CD8-A079-2F6B2C64B750}.Ad-Hoc|Any CPU.ActiveCfg = Ad-Hoc|iPhone
		{5515C5F8-DCD5-4CD8-A079-2F6B2C64B750}.Ad-Hoc|ARM.ActiveCfg = Ad-Hoc|iPhone
		{5515C5F8-DCD5-4CD8-A079-2F6B2C64B750}.Ad-Hoc|iPhone.ActiveCfg = Ad-Hoc|iPhone
		{5515C5F8-DCD5-4CD8-A079-2F6B2C64B750}.Ad-Hoc|iPhone.Build.0 = Ad-Hoc|iPhone
		{5515C5F8-DCD5-4CD8-A079-2F6B2C64B750}.Ad-Hoc|iPhoneSimulator.ActiveCfg = Ad-Hoc|iPhoneSimulator
		{5515C5F8-DCD5-4CD8-A079-2F6B2C64B750}.Ad-Hoc|iPhoneSimulator.Build.0 = Ad-Hoc|iPhoneSimulator
		{5515C5F8-DCD5-4CD8-A079-2F6B2C64B750}.Ad-Hoc|x64.ActiveCfg = Ad-Hoc|iPhone
		{5515C5F8-DCD5-4CD8-A079-2F6B2C64B750}.Ad-Hoc|x86.ActiveCfg = Ad-Hoc|iPhone
		{5515C5F8-DCD5-4CD8-A079-2F6B2C64B750}.AppStore|Any CPU.ActiveCfg = AppStore|iPhone
		{5515C5F8-DCD5-4CD8-A079-2F6B2C64B750}.AppStore|ARM.ActiveCfg = AppStore|iPhone
		{5515C5F8-DCD5-4CD8-A079-2F6B2C64B750}.AppStore|iPhone.ActiveCfg = AppStore|iPhone
		{5515C5F8-DCD5-4CD8-A079-2F6B2C64B750}.AppStore|iPhone.Build.0 = AppStore|iPhone
		{5515C5F8-DCD5-4CD8-A079-2F6B2C64B750}.AppStore|iPhoneSimulator.ActiveCfg = AppStore|iPhoneSimulator
		{5515C5F8-DCD5-4CD8-A079-2F6B2C64B750}.AppStore|iPhoneSimulator.Build.0 = AppStore|iPhoneSimulator
		{5515C5F8-DCD5-4CD8-A079-2F6B2C64B750}.AppStore|x64.ActiveCfg = AppStore|iPhone
		{5515C5F8-DCD5-4CD8-A079-2F6B2C64B750}.AppStore|x86.ActiveCfg = AppStore|iPhone
		{5515C5F8-DCD5-4CD8-A079-2F6B2C64B750}.Debug|Any CPU.ActiveCfg = Debug|iPhone
		{5515C5F8-DCD5-4CD8-A079-2F6B2C64B750}.Debug|ARM.ActiveCfg = Debug|iPhone
		{5515C5F8-DCD5-4CD8-A079-2F6B2C64B750}.Debug|iPhone.ActiveCfg = Debug|iPhone
		{5515C5F8-DCD5-4CD8-A079-2F6B2C64B750}.Debug|iPhone.Build.0 = Debug|iPhone
		{5515C5F8-DCD5-4CD8-A079-2F6B2C64B750}.Debug|iPhoneSimulator.ActiveCfg = Debug|iPhoneSimulator
		{5515C5F8-DCD5-4CD8-A079-2F6B2C64B750}.Debug|iPhoneSimulator.Build.0 = Debug|iPhoneSimulator
		{5515C5F8-DCD5-4CD8-A079-2F6B2C64B750}.Debug|x64.ActiveCfg = Debug|iPhone
		{5515C5F8-DCD5-4CD8-A079-2F6B2C64B750}.Debug|x86.ActiveCfg = Debug|iPhone
		{5515C5F8-DCD5-4CD8-A079-2F6B2C64B750}.Release|Any CPU.ActiveCfg = Release|iPhone
		{5515C5F8-DCD5-4CD8-A079-2F6B2C64B750}.Release|ARM.ActiveCfg = Release|iPhone
		{5515C5F8-DCD5-4CD8-A079-2F6B2C64B750}.Release|iPhone.ActiveCfg = Release|iPhone
		{5515C5F8-DCD5-4CD8-A079-2F6B2C64B750}.Release|iPhone.Build.0 = Release|iPhone
		{5515C5F8-DCD5-4CD8-A079-2F6B2C64B750}.Release|iPhoneSimulator.ActiveCfg = Release|iPhoneSimulator
		{5515C5F8-DCD5-4CD8-A079-2F6B2C64B750}.Release|iPhoneSimulator.Build.0 = Release|iPhoneSimulator
		{5515C5F8-DCD5-4CD8-A079-2F6B2C64B750}.Release|x64.ActiveCfg = Release|iPhone
		{5515C5F8-DCD5-4CD8-A079-2F6B2C64B750}.Release|x86.ActiveCfg = Release|iPhone
		{346BD4EE-1F24-474B-BF39-CC4F5F4712CE}.Ad-Hoc|Any CPU.ActiveCfg = Release|Any CPU
		{346BD4EE-1F24-474B-BF39-CC4F5F4712CE}.Ad-Hoc|Any CPU.Build.0 = Release|Any CPU
		{346BD4EE-1F24-474B-BF39-CC4F5F4712CE}.Ad-Hoc|Any CPU.Deploy.0 = Release|Any CPU
		{346BD4EE-1F24-474B-BF39-CC4F5F4712CE}.Ad-Hoc|ARM.ActiveCfg = Release|ARM
		{346BD4EE-1F24-474B-BF39-CC4F5F4712CE}.Ad-Hoc|ARM.Build.0 = Release|ARM
		{346BD4EE-1F24-474B-BF39-CC4F5F4712CE}.Ad-Hoc|ARM.Deploy.0 = Release|ARM
		{346BD4EE-1F24-474B-BF39-CC4F5F4712CE}.Ad-Hoc|iPhone.ActiveCfg = Release|Any CPU
		{346BD4EE-1F24-474B-BF39-CC4F5F4712CE}.Ad-Hoc|iPhone.Build.0 = Release|Any CPU
		{346BD4EE-1F24-474B-BF39-CC4F5F4712CE}.Ad-Hoc|iPhone.Deploy.0 = Release|Any CPU
		{346BD4EE-1F24-474B-BF39-CC4F5F4712CE}.Ad-Hoc|iPhoneSimulator.ActiveCfg = Release|Any CPU
		{346BD4EE-1F24-474B-BF39-CC4F5F4712CE}.Ad-Hoc|iPhoneSimulator.Build.0 = Release|Any CPU
		{346BD4EE-1F24-474B-BF39-CC4F5F4712CE}.Ad-Hoc|iPhoneSimulator.Deploy.0 = Release|Any CPU
		{346BD4EE-1F24-474B-BF39-CC4F5F4712CE}.Ad-Hoc|x64.ActiveCfg = Release|Any CPU
		{346BD4EE-1F24-474B-BF39-CC4F5F4712CE}.Ad-Hoc|x64.Build.0 = Release|Any CPU
		{346BD4EE-1F24-474B-BF39-CC4F5F4712CE}.Ad-Hoc|x64.Deploy.0 = Release|Any CPU
		{346BD4EE-1F24-474B-BF39-CC4F5F4712CE}.Ad-Hoc|x86.ActiveCfg = Release|x86
		{346BD4EE-1F24-474B-BF39-CC4F5F4712CE}.Ad-Hoc|x86.Build.0 = Release|x86
		{346BD4EE-1F24-474B-BF39-CC4F5F4712CE}.Ad-Hoc|x86.Deploy.0 = Release|x86
		{346BD4EE-1F24-474B-BF39-CC4F5F4712CE}.AppStore|Any CPU.ActiveCfg = Release|Any CPU
		{346BD4EE-1F24-474B-BF39-CC4F5F4712CE}.AppStore|Any CPU.Build.0 = Release|Any CPU
		{346BD4EE-1F24-474B-BF39-CC4F5F4712CE}.AppStore|Any CPU.Deploy.0 = Release|Any CPU
		{346BD4EE-1F24-474B-BF39-CC4F5F4712CE}.AppStore|ARM.ActiveCfg = Release|ARM
		{346BD4EE-1F24-474B-BF39-CC4F5F4712CE}.AppStore|ARM.Build.0 = Release|ARM
		{346BD4EE-1F24-474B-BF39-CC4F5F4712CE}.AppStore|ARM.Deploy.0 = Release|ARM
		{346BD4EE-1F24-474B-BF39-CC4F5F4712CE}.AppStore|iPhone.ActiveCfg = Release|Any CPU
		{346BD4EE-1F24-474B-BF39-CC4F5F4712CE}.AppStore|iPhone.Build.0 = Release|Any CPU
		{346BD4EE-1F24-474B-BF39-CC4F5F4712CE}.AppStore|iPhone.Deploy.0 = Release|Any CPU
		{346BD4EE-1F24-474B-BF39-CC4F5F4712CE}.AppStore|iPhoneSimulator.ActiveCfg = Release|Any CPU
		{346BD4EE-1F24-474B-BF39-CC4F5F4712CE}.AppStore|iPhoneSimulator.Build.0 = Release|Any CPU
		{346BD4EE-1F24-474B-BF39-CC4F5F4712CE}.AppStore|iPhoneSimulator.Deploy.0 = Release|Any CPU
		{346BD4EE-1F24-474B-BF39-CC4F5F4712CE}.AppStore|x64.ActiveCfg = Release|Any CPU
		{346BD4EE-1F24-474B-BF39-CC4F5F4712CE}.AppStore|x64.Build.0 = Release|Any CPU
		{346BD4EE-1F24-474B-BF39-CC4F5F4712CE}.AppStore|x64.Deploy.0 = Release|Any CPU
		{346BD4EE-1F24-474B-BF39-CC4F5F4712CE}.AppStore|x86.ActiveCfg = Release|x86
		{346BD4EE-1F24-474B-BF39-CC4F5F4712CE}.AppStore|x86.Build.0 = Release|x86
		{346BD4EE-1F24-474B-BF39-CC4F5F4712CE}.AppStore|x86.Deploy.0 = Release|x86
		{346BD4EE-1F24-474B-BF39-CC4F5F4712CE}.Debug|Any CPU.ActiveCfg = Debug|Any CPU
		{346BD4EE-1F24-474B-BF39-CC4F5F4712CE}.Debug|Any CPU.Build.0 = Debug|Any CPU
		{346BD4EE-1F24-474B-BF39-CC4F5F4712CE}.Debug|Any CPU.Deploy.0 = Debug|Any CPU
		{346BD4EE-1F24-474B-BF39-CC4F5F4712CE}.Debug|ARM.ActiveCfg = Debug|ARM
		{346BD4EE-1F24-474B-BF39-CC4F5F4712CE}.Debug|ARM.Build.0 = Debug|ARM
		{346BD4EE-1F24-474B-BF39-CC4F5F4712CE}.Debug|ARM.Deploy.0 = Debug|ARM
		{346BD4EE-1F24-474B-BF39-CC4F5F4712CE}.Debug|iPhone.ActiveCfg = Debug|Any CPU
		{346BD4EE-1F24-474B-BF39-CC4F5F4712CE}.Debug|iPhone.Build.0 = Debug|Any CPU
		{346BD4EE-1F24-474B-BF39-CC4F5F4712CE}.Debug|iPhone.Deploy.0 = Debug|Any CPU
		{346BD4EE-1F24-474B-BF39-CC4F5F4712CE}.Debug|iPhoneSimulator.ActiveCfg = Debug|Any CPU
		{346BD4EE-1F24-474B-BF39-CC4F5F4712CE}.Debug|iPhoneSimulator.Build.0 = Debug|Any CPU
		{346BD4EE-1F24-474B-BF39-CC4F5F4712CE}.Debug|iPhoneSimulator.Deploy.0 = Debug|Any CPU
		{346BD4EE-1F24-474B-BF39-CC4F5F4712CE}.Debug|x64.ActiveCfg = Debug|Any CPU
		{346BD4EE-1F24-474B-BF39-CC4F5F4712CE}.Debug|x64.Build.0 = Debug|Any CPU
		{346BD4EE-1F24-474B-BF39-CC4F5F4712CE}.Debug|x64.Deploy.0 = Debug|Any CPU
		{346BD4EE-1F24-474B-BF39-CC4F5F4712CE}.Debug|x86.ActiveCfg = Debug|x86
		{346BD4EE-1F24-474B-BF39-CC4F5F4712CE}.Debug|x86.Build.0 = Debug|x86
		{346BD4EE-1F24-474B-BF39-CC4F5F4712CE}.Debug|x86.Deploy.0 = Debug|x86
		{346BD4EE-1F24-474B-BF39-CC4F5F4712CE}.Release|Any CPU.ActiveCfg = Release|Any CPU
		{346BD4EE-1F24-474B-BF39-CC4F5F4712CE}.Release|Any CPU.Build.0 = Release|Any CPU
		{346BD4EE-1F24-474B-BF39-CC4F5F4712CE}.Release|Any CPU.Deploy.0 = Release|Any CPU
		{346BD4EE-1F24-474B-BF39-CC4F5F4712CE}.Release|ARM.ActiveCfg = Release|ARM
		{346BD4EE-1F24-474B-BF39-CC4F5F4712CE}.Release|ARM.Build.0 = Release|ARM
		{346BD4EE-1F24-474B-BF39-CC4F5F4712CE}.Release|ARM.Deploy.0 = Release|ARM
		{346BD4EE-1F24-474B-BF39-CC4F5F4712CE}.Release|iPhone.ActiveCfg = Release|Any CPU
		{346BD4EE-1F24-474B-BF39-CC4F5F4712CE}.Release|iPhone.Build.0 = Release|Any CPU
		{346BD4EE-1F24-474B-BF39-CC4F5F4712CE}.Release|iPhone.Deploy.0 = Release|Any CPU
		{346BD4EE-1F24-474B-BF39-CC4F5F4712CE}.Release|iPhoneSimulator.ActiveCfg = Release|Any CPU
		{346BD4EE-1F24-474B-BF39-CC4F5F4712CE}.Release|iPhoneSimulator.Build.0 = Release|Any CPU
		{346BD4EE-1F24-474B-BF39-CC4F5F4712CE}.Release|iPhoneSimulator.Deploy.0 = Release|Any CPU
		{346BD4EE-1F24-474B-BF39-CC4F5F4712CE}.Release|x64.ActiveCfg = Release|Any CPU
		{346BD4EE-1F24-474B-BF39-CC4F5F4712CE}.Release|x64.Build.0 = Release|Any CPU
		{346BD4EE-1F24-474B-BF39-CC4F5F4712CE}.Release|x64.Deploy.0 = Release|Any CPU
		{346BD4EE-1F24-474B-BF39-CC4F5F4712CE}.Release|x86.ActiveCfg = Release|x86
		{346BD4EE-1F24-474B-BF39-CC4F5F4712CE}.Release|x86.Build.0 = Release|x86
		{346BD4EE-1F24-474B-BF39-CC4F5F4712CE}.Release|x86.Deploy.0 = Release|x86
		{E6F35284-49C2-4B53-B571-E36F8D9638F6}.Ad-Hoc|Any CPU.ActiveCfg = Release|x86
		{E6F35284-49C2-4B53-B571-E36F8D9638F6}.Ad-Hoc|Any CPU.Build.0 = Release|x86
		{E6F35284-49C2-4B53-B571-E36F8D9638F6}.Ad-Hoc|Any CPU.Deploy.0 = Release|x86
		{E6F35284-49C2-4B53-B571-E36F8D9638F6}.Ad-Hoc|ARM.ActiveCfg = Release|ARM
		{E6F35284-49C2-4B53-B571-E36F8D9638F6}.Ad-Hoc|ARM.Build.0 = Release|ARM
		{E6F35284-49C2-4B53-B571-E36F8D9638F6}.Ad-Hoc|ARM.Deploy.0 = Release|ARM
		{E6F35284-49C2-4B53-B571-E36F8D9638F6}.Ad-Hoc|iPhone.ActiveCfg = Release|x86
		{E6F35284-49C2-4B53-B571-E36F8D9638F6}.Ad-Hoc|iPhone.Build.0 = Release|x86
		{E6F35284-49C2-4B53-B571-E36F8D9638F6}.Ad-Hoc|iPhone.Deploy.0 = Release|x86
		{E6F35284-49C2-4B53-B571-E36F8D9638F6}.Ad-Hoc|iPhoneSimulator.ActiveCfg = Release|x86
		{E6F35284-49C2-4B53-B571-E36F8D9638F6}.Ad-Hoc|iPhoneSimulator.Build.0 = Release|x86
		{E6F35284-49C2-4B53-B571-E36F8D9638F6}.Ad-Hoc|iPhoneSimulator.Deploy.0 = Release|x86
		{E6F35284-49C2-4B53-B571-E36F8D9638F6}.Ad-Hoc|x64.ActiveCfg = Release|x64
		{E6F35284-49C2-4B53-B571-E36F8D9638F6}.Ad-Hoc|x64.Build.0 = Release|x64
		{E6F35284-49C2-4B53-B571-E36F8D9638F6}.Ad-Hoc|x64.Deploy.0 = Release|x64
		{E6F35284-49C2-4B53-B571-E36F8D9638F6}.Ad-Hoc|x86.ActiveCfg = Release|x86
		{E6F35284-49C2-4B53-B571-E36F8D9638F6}.Ad-Hoc|x86.Build.0 = Release|x86
		{E6F35284-49C2-4B53-B571-E36F8D9638F6}.Ad-Hoc|x86.Deploy.0 = Release|x86
		{E6F35284-49C2-4B53-B571-E36F8D9638F6}.AppStore|Any CPU.ActiveCfg = Release|x86
		{E6F35284-49C2-4B53-B571-E36F8D9638F6}.AppStore|Any CPU.Build.0 = Release|x86
		{E6F35284-49C2-4B53-B571-E36F8D9638F6}.AppStore|Any CPU.Deploy.0 = Release|x86
		{E6F35284-49C2-4B53-B571-E36F8D9638F6}.AppStore|ARM.ActiveCfg = Release|ARM
		{E6F35284-49C2-4B53-B571-E36F8D9638F6}.AppStore|ARM.Build.0 = Release|ARM
		{E6F35284-49C2-4B53-B571-E36F8D9638F6}.AppStore|ARM.Deploy.0 = Release|ARM
		{E6F35284-49C2-4B53-B571-E36F8D9638F6}.AppStore|iPhone.ActiveCfg = Release|x86
		{E6F35284-49C2-4B53-B571-E36F8D9638F6}.AppStore|iPhone.Build.0 = Release|x86
		{E6F35284-49C2-4B53-B571-E36F8D9638F6}.AppStore|iPhone.Deploy.0 = Release|x86
		{E6F35284-49C2-4B53-B571-E36F8D9638F6}.AppStore|iPhoneSimulator.ActiveCfg = Release|x86
		{E6F35284-49C2-4B53-B571-E36F8D9638F6}.AppStore|iPhoneSimulator.Build.0 = Release|x86
		{E6F35284-49C2-4B53-B571-E36F8D9638F6}.AppStore|iPhoneSimulator.Deploy.0 = Release|x86
		{E6F35284-49C2-4B53-B571-E36F8D9638F6}.AppStore|x64.ActiveCfg = Release|x64
		{E6F35284-49C2-4B53-B571-E36F8D9638F6}.AppStore|x64.Build.0 = Release|x64
		{E6F35284-49C2-4B53-B571-E36F8D9638F6}.AppStore|x64.Deploy.0 = Release|x64
		{E6F35284-49C2-4B53-B571-E36F8D9638F6}.AppStore|x86.ActiveCfg = Release|x86
		{E6F35284-49C2-4B53-B571-E36F8D9638F6}.AppStore|x86.Build.0 = Release|x86
		{E6F35284-49C2-4B53-B571-E36F8D9638F6}.AppStore|x86.Deploy.0 = Release|x86
		{E6F35284-49C2-4B53-B571-E36F8D9638F6}.Debug|Any CPU.ActiveCfg = Debug|x86
		{E6F35284-49C2-4B53-B571-E36F8D9638F6}.Debug|ARM.ActiveCfg = Debug|ARM
		{E6F35284-49C2-4B53-B571-E36F8D9638F6}.Debug|ARM.Build.0 = Debug|ARM
		{E6F35284-49C2-4B53-B571-E36F8D9638F6}.Debug|ARM.Deploy.0 = Debug|ARM
		{E6F35284-49C2-4B53-B571-E36F8D9638F6}.Debug|iPhone.ActiveCfg = Debug|x86
		{E6F35284-49C2-4B53-B571-E36F8D9638F6}.Debug|iPhoneSimulator.ActiveCfg = Debug|x86
		{E6F35284-49C2-4B53-B571-E36F8D9638F6}.Debug|x64.ActiveCfg = Debug|x64
		{E6F35284-49C2-4B53-B571-E36F8D9638F6}.Debug|x64.Build.0 = Debug|x64
		{E6F35284-49C2-4B53-B571-E36F8D9638F6}.Debug|x64.Deploy.0 = Debug|x64
		{E6F35284-49C2-4B53-B571-E36F8D9638F6}.Debug|x86.ActiveCfg = Debug|x86
		{E6F35284-49C2-4B53-B571-E36F8D9638F6}.Debug|x86.Build.0 = Debug|x86
		{E6F35284-49C2-4B53-B571-E36F8D9638F6}.Debug|x86.Deploy.0 = Debug|x86
		{E6F35284-49C2-4B53-B571-E36F8D9638F6}.Release|Any CPU.ActiveCfg = Release|x86
		{E6F35284-49C2-4B53-B571-E36F8D9638F6}.Release|ARM.ActiveCfg = Release|ARM
		{E6F35284-49C2-4B53-B571-E36F8D9638F6}.Release|ARM.Build.0 = Release|ARM
		{E6F35284-49C2-4B53-B571-E36F8D9638F6}.Release|ARM.Deploy.0 = Release|ARM
		{E6F35284-49C2-4B53-B571-E36F8D9638F6}.Release|iPhone.ActiveCfg = Release|x86
		{E6F35284-49C2-4B53-B571-E36F8D9638F6}.Release|iPhoneSimulator.ActiveCfg = Release|x86
		{E6F35284-49C2-4B53-B571-E36F8D9638F6}.Release|x64.ActiveCfg = Release|x64
		{E6F35284-49C2-4B53-B571-E36F8D9638F6}.Release|x64.Build.0 = Release|x64
		{E6F35284-49C2-4B53-B571-E36F8D9638F6}.Release|x64.Deploy.0 = Release|x64
		{E6F35284-49C2-4B53-B571-E36F8D9638F6}.Release|x86.ActiveCfg = Release|x86
		{E6F35284-49C2-4B53-B571-E36F8D9638F6}.Release|x86.Build.0 = Release|x86
		{E6F35284-49C2-4B53-B571-E36F8D9638F6}.Release|x86.Deploy.0 = Release|x86
		{0D7D5817-ACF0-4E4A-B346-AA806C5EC8CF}.Ad-Hoc|Any CPU.ActiveCfg = Release|Any CPU
		{0D7D5817-ACF0-4E4A-B346-AA806C5EC8CF}.Ad-Hoc|Any CPU.Build.0 = Release|Any CPU
		{0D7D5817-ACF0-4E4A-B346-AA806C5EC8CF}.Ad-Hoc|Any CPU.Deploy.0 = Release|Any CPU
		{0D7D5817-ACF0-4E4A-B346-AA806C5EC8CF}.Ad-Hoc|ARM.ActiveCfg = Release|ARM
		{0D7D5817-ACF0-4E4A-B346-AA806C5EC8CF}.Ad-Hoc|ARM.Build.0 = Release|ARM
		{0D7D5817-ACF0-4E4A-B346-AA806C5EC8CF}.Ad-Hoc|ARM.Deploy.0 = Release|ARM
		{0D7D5817-ACF0-4E4A-B346-AA806C5EC8CF}.Ad-Hoc|iPhone.ActiveCfg = Release|Any CPU
		{0D7D5817-ACF0-4E4A-B346-AA806C5EC8CF}.Ad-Hoc|iPhone.Build.0 = Release|Any CPU
		{0D7D5817-ACF0-4E4A-B346-AA806C5EC8CF}.Ad-Hoc|iPhone.Deploy.0 = Release|Any CPU
		{0D7D5817-ACF0-4E4A-B346-AA806C5EC8CF}.Ad-Hoc|iPhoneSimulator.ActiveCfg = Release|Any CPU
		{0D7D5817-ACF0-4E4A-B346-AA806C5EC8CF}.Ad-Hoc|iPhoneSimulator.Build.0 = Release|Any CPU
		{0D7D5817-ACF0-4E4A-B346-AA806C5EC8CF}.Ad-Hoc|iPhoneSimulator.Deploy.0 = Release|Any CPU
		{0D7D5817-ACF0-4E4A-B346-AA806C5EC8CF}.Ad-Hoc|x64.ActiveCfg = Release|x64
		{0D7D5817-ACF0-4E4A-B346-AA806C5EC8CF}.Ad-Hoc|x64.Build.0 = Release|x64
		{0D7D5817-ACF0-4E4A-B346-AA806C5EC8CF}.Ad-Hoc|x64.Deploy.0 = Release|x64
		{0D7D5817-ACF0-4E4A-B346-AA806C5EC8CF}.Ad-Hoc|x86.ActiveCfg = Release|x86
		{0D7D5817-ACF0-4E4A-B346-AA806C5EC8CF}.Ad-Hoc|x86.Build.0 = Release|x86
		{0D7D5817-ACF0-4E4A-B346-AA806C5EC8CF}.Ad-Hoc|x86.Deploy.0 = Release|x86
		{0D7D5817-ACF0-4E4A-B346-AA806C5EC8CF}.AppStore|Any CPU.ActiveCfg = Release|Any CPU
		{0D7D5817-ACF0-4E4A-B346-AA806C5EC8CF}.AppStore|Any CPU.Build.0 = Release|Any CPU
		{0D7D5817-ACF0-4E4A-B346-AA806C5EC8CF}.AppStore|Any CPU.Deploy.0 = Release|Any CPU
		{0D7D5817-ACF0-4E4A-B346-AA806C5EC8CF}.AppStore|ARM.ActiveCfg = Release|ARM
		{0D7D5817-ACF0-4E4A-B346-AA806C5EC8CF}.AppStore|ARM.Build.0 = Release|ARM
		{0D7D5817-ACF0-4E4A-B346-AA806C5EC8CF}.AppStore|ARM.Deploy.0 = Release|ARM
		{0D7D5817-ACF0-4E4A-B346-AA806C5EC8CF}.AppStore|iPhone.ActiveCfg = Release|Any CPU
		{0D7D5817-ACF0-4E4A-B346-AA806C5EC8CF}.AppStore|iPhone.Build.0 = Release|Any CPU
		{0D7D5817-ACF0-4E4A-B346-AA806C5EC8CF}.AppStore|iPhone.Deploy.0 = Release|Any CPU
		{0D7D5817-ACF0-4E4A-B346-AA806C5EC8CF}.AppStore|iPhoneSimulator.ActiveCfg = Release|Any CPU
		{0D7D5817-ACF0-4E4A-B346-AA806C5EC8CF}.AppStore|iPhoneSimulator.Build.0 = Release|Any CPU
		{0D7D5817-ACF0-4E4A-B346-AA806C5EC8CF}.AppStore|iPhoneSimulator.Deploy.0 = Release|Any CPU
		{0D7D5817-ACF0-4E4A-B346-AA806C5EC8CF}.AppStore|x64.ActiveCfg = Release|x64
		{0D7D5817-ACF0-4E4A-B346-AA806C5EC8CF}.AppStore|x64.Build.0 = Release|x64
		{0D7D5817-ACF0-4E4A-B346-AA806C5EC8CF}.AppStore|x64.Deploy.0 = Release|x64
		{0D7D5817-ACF0-4E4A-B346-AA806C5EC8CF}.AppStore|x86.ActiveCfg = Release|x86
		{0D7D5817-ACF0-4E4A-B346-AA806C5EC8CF}.AppStore|x86.Build.0 = Release|x86
		{0D7D5817-ACF0-4E4A-B346-AA806C5EC8CF}.AppStore|x86.Deploy.0 = Release|x86
		{0D7D5817-ACF0-4E4A-B346-AA806C5EC8CF}.Debug|Any CPU.ActiveCfg = Debug|Any CPU
		{0D7D5817-ACF0-4E4A-B346-AA806C5EC8CF}.Debug|Any CPU.Build.0 = Debug|Any CPU
		{0D7D5817-ACF0-4E4A-B346-AA806C5EC8CF}.Debug|Any CPU.Deploy.0 = Debug|Any CPU
		{0D7D5817-ACF0-4E4A-B346-AA806C5EC8CF}.Debug|ARM.ActiveCfg = Debug|ARM
		{0D7D5817-ACF0-4E4A-B346-AA806C5EC8CF}.Debug|ARM.Build.0 = Debug|ARM
		{0D7D5817-ACF0-4E4A-B346-AA806C5EC8CF}.Debug|ARM.Deploy.0 = Debug|ARM
		{0D7D5817-ACF0-4E4A-B346-AA806C5EC8CF}.Debug|iPhone.ActiveCfg = Debug|Any CPU
		{0D7D5817-ACF0-4E4A-B346-AA806C5EC8CF}.Debug|iPhone.Build.0 = Debug|Any CPU
		{0D7D5817-ACF0-4E4A-B346-AA806C5EC8CF}.Debug|iPhone.Deploy.0 = Debug|Any CPU
		{0D7D5817-ACF0-4E4A-B346-AA806C5EC8CF}.Debug|iPhoneSimulator.ActiveCfg = Debug|Any CPU
		{0D7D5817-ACF0-4E4A-B346-AA806C5EC8CF}.Debug|iPhoneSimulator.Build.0 = Debug|Any CPU
		{0D7D5817-ACF0-4E4A-B346-AA806C5EC8CF}.Debug|iPhoneSimulator.Deploy.0 = Debug|Any CPU
		{0D7D5817-ACF0-4E4A-B346-AA806C5EC8CF}.Debug|x64.ActiveCfg = Debug|x64
		{0D7D5817-ACF0-4E4A-B346-AA806C5EC8CF}.Debug|x64.Build.0 = Debug|x64
		{0D7D5817-ACF0-4E4A-B346-AA806C5EC8CF}.Debug|x64.Deploy.0 = Debug|x64
		{0D7D5817-ACF0-4E4A-B346-AA806C5EC8CF}.Debug|x86.ActiveCfg = Debug|x86
		{0D7D5817-ACF0-4E4A-B346-AA806C5EC8CF}.Debug|x86.Build.0 = Debug|x86
		{0D7D5817-ACF0-4E4A-B346-AA806C5EC8CF}.Debug|x86.Deploy.0 = Debug|x86
		{0D7D5817-ACF0-4E4A-B346-AA806C5EC8CF}.Release|Any CPU.ActiveCfg = Release|Any CPU
		{0D7D5817-ACF0-4E4A-B346-AA806C5EC8CF}.Release|Any CPU.Build.0 = Release|Any CPU
		{0D7D5817-ACF0-4E4A-B346-AA806C5EC8CF}.Release|Any CPU.Deploy.0 = Release|Any CPU
		{0D7D5817-ACF0-4E4A-B346-AA806C5EC8CF}.Release|ARM.ActiveCfg = Release|ARM
		{0D7D5817-ACF0-4E4A-B346-AA806C5EC8CF}.Release|ARM.Build.0 = Release|ARM
		{0D7D5817-ACF0-4E4A-B346-AA806C5EC8CF}.Release|ARM.Deploy.0 = Release|ARM
		{0D7D5817-ACF0-4E4A-B346-AA806C5EC8CF}.Release|iPhone.ActiveCfg = Release|Any CPU
		{0D7D5817-ACF0-4E4A-B346-AA806C5EC8CF}.Release|iPhone.Build.0 = Release|Any CPU
		{0D7D5817-ACF0-4E4A-B346-AA806C5EC8CF}.Release|iPhone.Deploy.0 = Release|Any CPU
		{0D7D5817-ACF0-4E4A-B346-AA806C5EC8CF}.Release|iPhoneSimulator.ActiveCfg = Release|Any CPU
		{0D7D5817-ACF0-4E4A-B346-AA806C5EC8CF}.Release|iPhoneSimulator.Build.0 = Release|Any CPU
		{0D7D5817-ACF0-4E4A-B346-AA806C5EC8CF}.Release|iPhoneSimulator.Deploy.0 = Release|Any CPU
		{0D7D5817-ACF0-4E4A-B346-AA806C5EC8CF}.Release|x64.ActiveCfg = Release|x64
		{0D7D5817-ACF0-4E4A-B346-AA806C5EC8CF}.Release|x64.Build.0 = Release|x64
		{0D7D5817-ACF0-4E4A-B346-AA806C5EC8CF}.Release|x64.Deploy.0 = Release|x64
		{0D7D5817-ACF0-4E4A-B346-AA806C5EC8CF}.Release|x86.ActiveCfg = Release|x86
		{0D7D5817-ACF0-4E4A-B346-AA806C5EC8CF}.Release|x86.Build.0 = Release|x86
		{0D7D5817-ACF0-4E4A-B346-AA806C5EC8CF}.Release|x86.Deploy.0 = Release|x86
		{F8E22691-0856-4983-A0A1-61825BAE6F23}.Ad-Hoc|Any CPU.ActiveCfg = Release|Any CPU
		{F8E22691-0856-4983-A0A1-61825BAE6F23}.Ad-Hoc|Any CPU.Build.0 = Release|Any CPU
		{F8E22691-0856-4983-A0A1-61825BAE6F23}.Ad-Hoc|ARM.ActiveCfg = Release|Any CPU
		{F8E22691-0856-4983-A0A1-61825BAE6F23}.Ad-Hoc|ARM.Build.0 = Release|Any CPU
		{F8E22691-0856-4983-A0A1-61825BAE6F23}.Ad-Hoc|iPhone.ActiveCfg = Release|Any CPU
		{F8E22691-0856-4983-A0A1-61825BAE6F23}.Ad-Hoc|iPhone.Build.0 = Release|Any CPU
		{F8E22691-0856-4983-A0A1-61825BAE6F23}.Ad-Hoc|iPhoneSimulator.ActiveCfg = Release|Any CPU
		{F8E22691-0856-4983-A0A1-61825BAE6F23}.Ad-Hoc|iPhoneSimulator.Build.0 = Release|Any CPU
		{F8E22691-0856-4983-A0A1-61825BAE6F23}.Ad-Hoc|x64.ActiveCfg = Release|Any CPU
		{F8E22691-0856-4983-A0A1-61825BAE6F23}.Ad-Hoc|x64.Build.0 = Release|Any CPU
		{F8E22691-0856-4983-A0A1-61825BAE6F23}.Ad-Hoc|x86.ActiveCfg = Release|Any CPU
		{F8E22691-0856-4983-A0A1-61825BAE6F23}.Ad-Hoc|x86.Build.0 = Release|Any CPU
		{F8E22691-0856-4983-A0A1-61825BAE6F23}.AppStore|Any CPU.ActiveCfg = Release|Any CPU
		{F8E22691-0856-4983-A0A1-61825BAE6F23}.AppStore|Any CPU.Build.0 = Release|Any CPU
		{F8E22691-0856-4983-A0A1-61825BAE6F23}.AppStore|ARM.ActiveCfg = Release|Any CPU
		{F8E22691-0856-4983-A0A1-61825BAE6F23}.AppStore|ARM.Build.0 = Release|Any CPU
		{F8E22691-0856-4983-A0A1-61825BAE6F23}.AppStore|iPhone.ActiveCfg = Release|Any CPU
		{F8E22691-0856-4983-A0A1-61825BAE6F23}.AppStore|iPhone.Build.0 = Release|Any CPU
		{F8E22691-0856-4983-A0A1-61825BAE6F23}.AppStore|iPhoneSimulator.ActiveCfg = Release|Any CPU
		{F8E22691-0856-4983-A0A1-61825BAE6F23}.AppStore|iPhoneSimulator.Build.0 = Release|Any CPU
		{F8E22691-0856-4983-A0A1-61825BAE6F23}.AppStore|x64.ActiveCfg = Release|Any CPU
		{F8E22691-0856-4983-A0A1-61825BAE6F23}.AppStore|x64.Build.0 = Release|Any CPU
		{F8E22691-0856-4983-A0A1-61825BAE6F23}.AppStore|x86.ActiveCfg = Release|Any CPU
		{F8E22691-0856-4983-A0A1-61825BAE6F23}.AppStore|x86.Build.0 = Release|Any CPU
		{F8E22691-0856-4983-A0A1-61825BAE6F23}.Debug|Any CPU.ActiveCfg = Debug|Any CPU
		{F8E22691-0856-4983-A0A1-61825BAE6F23}.Debug|Any CPU.Build.0 = Debug|Any CPU
		{F8E22691-0856-4983-A0A1-61825BAE6F23}.Debug|ARM.ActiveCfg = Debug|Any CPU
		{F8E22691-0856-4983-A0A1-61825BAE6F23}.Debug|ARM.Build.0 = Debug|Any CPU
		{F8E22691-0856-4983-A0A1-61825BAE6F23}.Debug|iPhone.ActiveCfg = Debug|Any CPU
		{F8E22691-0856-4983-A0A1-61825BAE6F23}.Debug|iPhone.Build.0 = Debug|Any CPU
		{F8E22691-0856-4983-A0A1-61825BAE6F23}.Debug|iPhoneSimulator.ActiveCfg = Debug|Any CPU
		{F8E22691-0856-4983-A0A1-61825BAE6F23}.Debug|iPhoneSimulator.Build.0 = Debug|Any CPU
		{F8E22691-0856-4983-A0A1-61825BAE6F23}.Debug|x64.ActiveCfg = Debug|Any CPU
		{F8E22691-0856-4983-A0A1-61825BAE6F23}.Debug|x64.Build.0 = Debug|Any CPU
		{F8E22691-0856-4983-A0A1-61825BAE6F23}.Debug|x86.ActiveCfg = Debug|Any CPU
		{F8E22691-0856-4983-A0A1-61825BAE6F23}.Debug|x86.Build.0 = Debug|Any CPU
		{F8E22691-0856-4983-A0A1-61825BAE6F23}.Release|Any CPU.ActiveCfg = Release|Any CPU
		{F8E22691-0856-4983-A0A1-61825BAE6F23}.Release|Any CPU.Build.0 = Release|Any CPU
		{F8E22691-0856-4983-A0A1-61825BAE6F23}.Release|ARM.ActiveCfg = Release|Any CPU
		{F8E22691-0856-4983-A0A1-61825BAE6F23}.Release|ARM.Build.0 = Release|Any CPU
		{F8E22691-0856-4983-A0A1-61825BAE6F23}.Release|iPhone.ActiveCfg = Release|Any CPU
		{F8E22691-0856-4983-A0A1-61825BAE6F23}.Release|iPhone.Build.0 = Release|Any CPU
		{F8E22691-0856-4983-A0A1-61825BAE6F23}.Release|iPhoneSimulator.ActiveCfg = Release|Any CPU
		{F8E22691-0856-4983-A0A1-61825BAE6F23}.Release|iPhoneSimulator.Build.0 = Release|Any CPU
		{F8E22691-0856-4983-A0A1-61825BAE6F23}.Release|x64.ActiveCfg = Release|Any CPU
		{F8E22691-0856-4983-A0A1-61825BAE6F23}.Release|x64.Build.0 = Release|Any CPU
		{F8E22691-0856-4983-A0A1-61825BAE6F23}.Release|x86.ActiveCfg = Release|Any CPU
		{F8E22691-0856-4983-A0A1-61825BAE6F23}.Release|x86.Build.0 = Release|Any CPU
	EndGlobalSection
	GlobalSection(SolutionProperties) = preSolution
		HideSolutionNode = FALSE
	EndGlobalSection
EndGlobal
